Microsoft Visual Studio Solution File, Format Version 12.00
# Visual Studio Version 17
VisualStudioVersion = 17.5.2.0
MinimumVisualStudioVersion = 10.0.40219.1
Project("{FAE04EC0-301F-11D3-BF4B-00C04F79EFBC}") = "my-portfolio-blazor", "my-portfolio-blazor.csproj", "{42D93A1F-575F-6AFE-501A-80BEC4C4939C}"
EndProject
Global
	GlobalSection(SolutionConfigurationPlatforms) = preSolution
		Debug|Any CPU = Debug|Any CPU
		Release|Any CPU = Release|Any CPU
	EndGlobalSection
	GlobalSection(ProjectConfigurationPlatforms) = postSolution
		{42D93A1F-575F-6AFE-501A-80BEC4C4939C}.Debug|Any CPU.ActiveCfg = Debug|Any CPU
		{42D93A1F-575F-6AFE-501A-80BEC4C4939C}.Debug|Any CPU.Build.0 = Debug|Any CPU
		{42D93A1F-575F-6AFE-501A-80BEC4C4939C}.Release|Any CPU.ActiveCfg = Release|Any CPU
		{42D93A1F-575F-6AFE-501A-80BEC4C4939C}.Release|Any CPU.Build.0 = Release|Any CPU
	EndGlobalSection
	GlobalSection(SolutionProperties) = preSolution
		HideSolutionNode = FALSE
	EndGlobalSection
	GlobalSection(ExtensibilityGlobals) = postSolution
		SolutionGuid = {C322E897-8AC7-4BCF-931D-86EDDD2E08EE}
	EndGlobalSection
EndGlobal
